PODS:
  - AFNetworking (3.1.0):
    - AFNetworking/NSURLSession (= 3.1.0)
    - AFNetworking/Reachability (= 3.1.0)
    - AFNetworking/Security (= 3.1.0)
    - AFNetworking/Serialization (= 3.1.0)
    - AFNetworking/UIKit (= 3.1.0)
  - AFNetworking/NSURLSession (3.1.0):
    - AFNetworking/Reachability
    - AFNetworking/Security
    - AFNetworking/Serialization
  - AFNetworking/Reachability (3.1.0)
  - AFNetworking/Security (3.1.0)
  - AFNetworking/Serialization (3.1.0)
  - AFNetworking/UIKit (3.1.0):
    - AFNetworking/NSURLSession
  - Alamofire (4.4.0)
  - Clarifai (2.3.1):
    - AFNetworking (~> 3.1)
  - Eureka (3.0.0)
  - ImagePicker (2.1.1)
  - SwiftVideoBackground (0.05)
  - SwiftyJSON (3.1.4)

DEPENDENCIES:
  - Alamofire
  - Clarifai
  - Eureka
  - ImagePicker
  - SwiftVideoBackground
  - SwiftyJSON

SPEC CHECKSUMS:
  AFNetworking: 5e0e199f73d8626b11e79750991f5d173d1f8b67
  Alamofire: dc44b1600b800eb63da6a19039a0083d62a6a62d
  Clarifai: b1194abfaac84e743cc023d7576dc7cd1901fae5
  Eureka: f36fd440c3ebb7bfea0a4fbe6f16a05f1cb35906
  ImagePicker: fe4c699abb56ff03994fa98d8b02e3883ee118be
  SwiftVideoBackground: d06410e66620949981aafb9b6f3cbba962d3a5cc
  SwiftyJSON: c2842d878f95482ffceec5709abc3d05680c0220

PODFILE CHECKSUM: ed9d2d4062558c3558d45797a1c51b1277fb33e9

COCOAPODS: 1.2.1
